
Microsoft Visual Studio Solution File, Format Version 12.00
# Visual Studio 15
VisualStudioVersion = 15.0.26124.0
MinimumVisualStudioVersion = 15.0.26124.0
Project("{FAE04EC0-301F-11D3-BF4B-00C04F79EFBC}") = "ClientMVC", "ClientMVC\ClientMVC.csproj", "{42302000-DDAD-4F74-8976-27FD41088838}"
EndProject
Project("{FAE04EC0-301F-11D3-BF4B-00C04F79EFBC}") = "Controllers", "Controllers\Controllers.csproj", "{E361416F-E6B2-452B-BEFD-0491F2D056A0}"
EndProject
Project("{FAE04EC0-301F-11D3-BF4B-00C04F79EFBC}") = "ControllersTest", "ControllersTest\ControllersTest.csproj", "{9272E5AA-5CC5-4BA0-9E09-D5BD6174A5FA}"
EndProject
Project("{FAE04EC0-301F-11D3-BF4B-00C04F79EFBC}") = "DataAccess", "DataAccess\DataAccess.csproj", "{57FF0F7B-AE0F-4307-9A21-B85A465C09FE}"
EndProject
Project("{FAE04EC0-301F-11D3-BF4B-00C04F79EFBC}") = "DataAccessTest", "DataAccessTest\DataAccessTest.csproj", "{B726A955-A840-4775-8045-1F0456EB261E}"
EndProject
Project("{FAE04EC0-301F-11D3-BF4B-00C04F79EFBC}") = "Models", "Models\Models.csproj", "{C896E572-9951-4BC2-9AF8-72893DDD5DAF}"
EndProject
Project("{FAE04EC0-301F-11D3-BF4B-00C04F79EFBC}") = "ModelsDB", "ModelsDB\ModelsDB.csproj", "{C636CB31-0D62-4B31-99DC-DC7E43E1F3FA}"
EndProject
Project("{FAE04EC0-301F-11D3-BF4B-00C04F79EFBC}") = "ServicesWebAPI", "ServicesWebAPI\ServicesWebAPI.csproj", "{8F1BFC1E-C6D3-47CB-AF0B-F9638A1F1D48}"
EndProject
Global
	GlobalSection(SolutionConfigurationPlatforms) = preSolution
		Debug|Any CPU = Debug|Any CPU
		Debug|x64 = Debug|x64
		Debug|x86 = Debug|x86
		Release|Any CPU = Release|Any CPU
		Release|x64 = Release|x64
		Release|x86 = Release|x86
	EndGlobalSection
	GlobalSection(SolutionProperties) = preSolution
		HideSolutionNode = FALSE
	EndGlobalSection
	GlobalSection(ProjectConfigurationPlatforms) = postSolution
		{42302000-DDAD-4F74-8976-27FD41088838}.Debug|Any CPU.ActiveCfg = Debug|Any CPU
		{42302000-DDAD-4F74-8976-27FD41088838}.Debug|Any CPU.Build.0 = Debug|Any CPU
		{42302000-DDAD-4F74-8976-27FD41088838}.Debug|x64.ActiveCfg = Debug|Any CPU
		{42302000-DDAD-4F74-8976-27FD41088838}.Debug|x64.Build.0 = Debug|Any CPU
		{42302000-DDAD-4F74-8976-27FD41088838}.Debug|x86.ActiveCfg = Debug|Any CPU
		{42302000-DDAD-4F74-8976-27FD41088838}.Debug|x86.Build.0 = Debug|Any CPU
		{42302000-DDAD-4F74-8976-27FD41088838}.Release|Any CPU.ActiveCfg = Release|Any CPU
		{42302000-DDAD-4F74-8976-27FD41088838}.Release|Any CPU.Build.0 = Release|Any CPU
		{42302000-DDAD-4F74-8976-27FD41088838}.Release|x64.ActiveCfg = Release|Any CPU
		{42302000-DDAD-4F74-8976-27FD41088838}.Release|x64.Build.0 = Release|Any CPU
		{42302000-DDAD-4F74-8976-27FD41088838}.Release|x86.ActiveCfg = Release|Any CPU
		{42302000-DDAD-4F74-8976-27FD41088838}.Release|x86.Build.0 = Release|Any CPU
		{E361416F-E6B2-452B-BEFD-0491F2D056A0}.Debug|Any CPU.ActiveCfg = Debug|Any CPU
		{E361416F-E6B2-452B-BEFD-0491F2D056A0}.Debug|Any CPU.Build.0 = Debug|Any CPU
		{E361416F-E6B2-452B-BEFD-0491F2D056A0}.Debug|x64.ActiveCfg = Debug|Any CPU
		{E361416F-E6B2-452B-BEFD-0491F2D056A0}.Debug|x64.Build.0 = Debug|Any CPU
		{E361416F-E6B2-452B-BEFD-0491F2D056A0}.Debug|x86.ActiveCfg = Debug|Any CPU
		{E361416F-E6B2-452B-BEFD-0491F2D056A0}.Debug|x86.Build.0 = Debug|Any CPU
		{E361416F-E6B2-452B-BEFD-0491F2D056A0}.Release|Any CPU.ActiveCfg = Release|Any CPU
		{E361416F-E6B2-452B-BEFD-0491F2D056A0}.Release|Any CPU.Build.0 = Release|Any CPU
		{E361416F-E6B2-452B-BEFD-0491F2D056A0}.Release|x64.ActiveCfg = Release|Any CPU
		{E361416F-E6B2-452B-BEFD-0491F2D056A0}.Release|x64.Build.0 = Release|Any CPU
		{E361416F-E6B2-452B-BEFD-0491F2D056A0}.Release|x86.ActiveCfg = Release|Any CPU
		{E361416F-E6B2-452B-BEFD-0491F2D056A0}.Release|x86.Build.0 = Release|Any CPU
		{9272E5AA-5CC5-4BA0-9E09-D5BD6174A5FA}.Debug|Any CPU.ActiveCfg = Debug|Any CPU
		{9272E5AA-5CC5-4BA0-9E09-D5BD6174A5FA}.Debug|Any CPU.Build.0 = Debug|Any CPU
		{9272E5AA-5CC5-4BA0-9E09-D5BD6174A5FA}.Debug|x64.ActiveCfg = Debug|Any CPU
		{9272E5AA-5CC5-4BA0-9E09-D5BD6174A5FA}.Debug|x64.Build.0 = Debug|Any CPU
		{9272E5AA-5CC5-4BA0-9E09-D5BD6174A5FA}.Debug|x86.ActiveCfg = Debug|Any CPU
		{9272E5AA-5CC5-4BA0-9E09-D5BD6174A5FA}.Debug|x86.Build.0 = Debug|Any CPU
		{9272E5AA-5CC5-4BA0-9E09-D5BD6174A5FA}.Release|Any CPU.ActiveCfg = Release|Any CPU
		{9272E5AA-5CC5-4BA0-9E09-D5BD6174A5FA}.Release|Any CPU.Build.0 = Release|Any CPU
		{9272E5AA-5CC5-4BA0-9E09-D5BD6174A5FA}.Release|x64.ActiveCfg = Release|Any CPU
		{9272E5AA-5CC5-4BA0-9E09-D5BD6174A5FA}.Release|x64.Build.0 = Release|Any CPU
		{9272E5AA-5CC5-4BA0-9E09-D5BD6174A5FA}.Release|x86.ActiveCfg = Release|Any CPU
		{9272E5AA-5CC5-4BA0-9E09-D5BD6174A5FA}.Release|x86.Build.0 = Release|Any CPU
		{57FF0F7B-AE0F-4307-9A21-B85A465C09FE}.Debug|Any CPU.ActiveCfg = Debug|Any CPU
		{57FF0F7B-AE0F-4307-9A21-B85A465C09FE}.Debug|Any CPU.Build.0 = Debug|Any CPU
		{57FF0F7B-AE0F-4307-9A21-B85A465C09FE}.Debug|x64.ActiveCfg = Debug|Any CPU
		{57FF0F7B-AE0F-4307-9A21-B85A465C09FE}.Debug|x64.Build.0 = Debug|Any CPU
		{57FF0F7B-AE0F-4307-9A21-B85A465C09FE}.Debug|x86.ActiveCfg = Debug|Any CPU
		{57FF0F7B-AE0F-4307-9A21-B85A465C09FE}.Debug|x86.Build.0 = Debug|Any CPU
		{57FF0F7B-AE0F-4307-9A21-B85A465C09FE}.Release|Any CPU.ActiveCfg = Release|Any CPU
		{57FF0F7B-AE0F-4307-9A21-B85A465C09FE}.Release|Any CPU.Build.0 = Release|Any CPU
		{57FF0F7B-AE0F-4307-9A21-B85A465C09FE}.Release|x64.ActiveCfg = Release|Any CPU
		{57FF0F7B-AE0F-4307-9A21-B85A465C09FE}.Release|x64.Build.0 = Release|Any CPU
		{57FF0F7B-AE0F-4307-9A21-B85A465C09FE}.Release|x86.ActiveCfg = Release|Any CPU
		{57FF0F7B-AE0F-4307-9A21-B85A465C09FE}.Release|x86.Build.0 = Release|Any CPU
		{B726A955-A840-4775-8045-1F0456EB261E}.Debug|Any CPU.ActiveCfg = Debug|Any CPU
		{B726A955-A840-4775-8045-1F0456EB261E}.Debug|Any CPU.Build.0 = Debug|Any CPU
		{B726A955-A840-4775-8045-1F0456EB261E}.Debug|x64.ActiveCfg = Debug|Any CPU
		{B726A955-A840-4775-8045-1F0456EB261E}.Debug|x64.Build.0 = Debug|Any CPU
		{B726A955-A840-4775-8045-1F0456EB261E}.Debug|x86.ActiveCfg = Debug|Any CPU
		{B726A955-A840-4775-8045-1F0456EB261E}.Debug|x86.Build.0 = Debug|Any CPU
		{B726A955-A840-4775-8045-1F0456EB261E}.Release|Any CPU.ActiveCfg = Release|Any CPU
		{B726A955-A840-4775-8045-1F0456EB261E}.Release|Any CPU.Build.0 = Release|Any CPU
		{B726A955-A840-4775-8045-1F0456EB261E}.Release|x64.ActiveCfg = Release|Any CPU
		{B726A955-A840-4775-8045-1F0456EB261E}.Release|x64.Build.0 = Release|Any CPU
		{B726A955-A840-4775-8045-1F0456EB261E}.Release|x86.ActiveCfg = Release|Any CPU
		{B726A955-A840-4775-8045-1F0456EB261E}.Release|x86.Build.0 = Release|Any CPU
		{C896E572-9951-4BC2-9AF8-72893DDD5DAF}.Debug|Any CPU.ActiveCfg = Debug|Any CPU
		{C896E572-9951-4BC2-9AF8-72893DDD5DAF}.Debug|Any CPU.Build.0 = Debug|Any CPU
		{C896E572-9951-4BC2-9AF8-72893DDD5DAF}.Debug|x64.ActiveCfg = Debug|Any CPU
		{C896E572-9951-4BC2-9AF8-72893DDD5DAF}.Debug|x64.Build.0 = Debug|Any CPU
		{C896E572-9951-4BC2-9AF8-72893DDD5DAF}.Debug|x86.ActiveCfg = Debug|Any CPU
		{C896E572-9951-4BC2-9AF8-72893DDD5DAF}.Debug|x86.Build.0 = Debug|Any CPU
		{C896E572-9951-4BC2-9AF8-72893DDD5DAF}.Release|Any CPU.ActiveCfg = Release|Any CPU
		{C896E572-9951-4BC2-9AF8-72893DDD5DAF}.Release|Any CPU.Build.0 = Release|Any CPU
		{C896E572-9951-4BC2-9AF8-72893DDD5DAF}.Release|x64.ActiveCfg = Release|Any CPU
		{C896E572-9951-4BC2-9AF8-72893DDD5DAF}.Release|x64.Build.0 = Release|Any CPU
		{C896E572-9951-4BC2-9AF8-72893DDD5DAF}.Release|x86.ActiveCfg = Release|Any CPU
		{C896E572-9951-4BC2-9AF8-72893DDD5DAF}.Release|x86.Build.0 = Release|Any CPU
		{C636CB31-0D62-4B31-99DC-DC7E43E1F3FA}.Debug|Any CPU.ActiveCfg = Debug|Any CPU
		{C636CB31-0D62-4B31-99DC-DC7E43E1F3FA}.Debug|Any CPU.Build.0 = Debug|Any CPU
		{C636CB31-0D62-4B31-99DC-DC7E43E1F3FA}.Debug|x64.ActiveCfg = Debug|Any CPU
		{C636CB31-0D62-4B31-99DC-DC7E43E1F3FA}.Debug|x64.Build.0 = Debug|Any CPU
		{C636CB31-0D62-4B31-99DC-DC7E43E1F3FA}.Debug|x86.ActiveCfg = Debug|Any CPU
		{C636CB31-0D62-4B31-99DC-DC7E43E1F3FA}.Debug|x86.Build.0 = Debug|Any CPU
		{C636CB31-0D62-4B31-99DC-DC7E43E1F3FA}.Release|Any CPU.ActiveCfg = Release|Any CPU
		{C636CB31-0D62-4B31-99DC-DC7E43E1F3FA}.Release|Any CPU.Build.0 = Release|Any CPU
		{C636CB31-0D62-4B31-99DC-DC7E43E1F3FA}.Release|x64.ActiveCfg = Release|Any CPU
		{C636CB31-0D62-4B31-99DC-DC7E43E1F3FA}.Release|x64.Build.0 = Release|Any CPU
		{C636CB31-0D62-4B31-99DC-DC7E43E1F3FA}.Release|x86.ActiveCfg = Release|Any CPU
		{C636CB31-0D62-4B31-99DC-DC7E43E1F3FA}.Release|x86.Build.0 = Release|Any CPU
		{8F1BFC1E-C6D3-47CB-AF0B-F9638A1F1D48}.Debug|Any CPU.ActiveCfg = Debug|Any CPU
		{8F1BFC1E-C6D3-47CB-AF0B-F9638A1F1D48}.Debug|Any CPU.Build.0 = Debug|Any CPU
		{8F1BFC1E-C6D3-47CB-AF0B-F9638A1F1D48}.Debug|x64.ActiveCfg = Debug|Any CPU
		{8F1BFC1E-C6D3-47CB-AF0B-F9638A1F1D48}.Debug|x64.Build.0 = Debug|Any CPU
		{8F1BFC1E-C6D3-47CB-AF0B-F9638A1F1D48}.Debug|x86.ActiveCfg = Debug|Any CPU
		{8F1BFC1E-C6D3-47CB-AF0B-F9638A1F1D48}.Debug|x86.Build.0 = Debug|Any CPU
		{8F1BFC1E-C6D3-47CB-AF0B-F9638A1F1D48}.Release|Any CPU.ActiveCfg = Release|Any CPU
		{8F1BFC1E-C6D3-47CB-AF0B-F9638A1F1D48}.Release|Any CPU.Build.0 = Release|Any CPU
		{8F1BFC1E-C6D3-47CB-AF0B-F9638A1F1D48}.Release|x64.ActiveCfg = Release|Any CPU
		{8F1BFC1E-C6D3-47CB-AF0B-F9638A1F1D48}.Release|x64.Build.0 = Release|Any CPU
		{8F1BFC1E-C6D3-47CB-AF0B-F9638A1F1D48}.Release|x86.ActiveCfg = Release|Any CPU
		{8F1BFC1E-C6D3-47CB-AF0B-F9638A1F1D48}.Release|x86.Build.0 = Release|Any CPU
	EndGlobalSection
EndGlobal
