
Microsoft Visual Studio Solution File, Format Version 12.00
# Visual Studio Version 16
VisualStudioVersion = 16.0.29318.209
MinimumVisualStudioVersion = 10.0.40219.1
Project("{FAE04EC0-301F-11D3-BF4B-00C04F79EFBC}") = "ClientMVC", "ClientMVC\ClientMVC.csproj", "{620CF6BA-5876-43F4-BA56-27CE8E60B288}"
EndProject
Project("{FAE04EC0-301F-11D3-BF4B-00C04F79EFBC}") = "DataAccess", "DataAccess\DataAccess.csproj", "{5ED9A6BA-F5EC-4F12-8336-4D38978F593D}"
EndProject
Project("{FAE04EC0-301F-11D3-BF4B-00C04F79EFBC}") = "ModelsDB", "ModelsDB\ModelsDB.csproj", "{F80AD705-FB45-40C1-A124-67C75DD6DA60}"
EndProject
Project("{FAE04EC0-301F-11D3-BF4B-00C04F79EFBC}") = "Models", "Models\Models.csproj", "{77771283-1731-4F99-BED6-CB729E7DE565}"
EndProject
Project("{FAE04EC0-301F-11D3-BF4B-00C04F79EFBC}") = "Controllers", "Controllers\Controllers.csproj", "{C2794A4F-DAC8-4FF3-86AC-A50C3F484822}"
EndProject
Project("{FAE04EC0-301F-11D3-BF4B-00C04F79EFBC}") = "ServicesWebAPI", "ServicesWebAPI\ServicesWebAPI.csproj", "{E2E63290-2731-49A1-8E76-956FDF720073}"
EndProject
Project("{FAE04EC0-301F-11D3-BF4B-00C04F79EFBC}") = "ServicesWCF", "ServicesWCF\ServicesWCF.csproj", "{0BDF56A1-FF14-407B-ABD4-B44717F39F98}"
EndProject
Project("{FAE04EC0-301F-11D3-BF4B-00C04F79EFBC}") = "ClientDesktop", "ClientDesktop\ClientDesktop.csproj", "{F326F9B7-3ABC-4CBA-B2C7-EDD6702CA058}"
EndProject
Global
	GlobalSection(SolutionConfigurationPlatforms) = preSolution
		Debug|Any CPU = Debug|Any CPU
		Release|Any CPU = Release|Any CPU
	EndGlobalSection
	GlobalSection(ProjectConfigurationPlatforms) = postSolution
		{620CF6BA-5876-43F4-BA56-27CE8E60B288}.Debug|Any CPU.ActiveCfg = Debug|Any CPU
		{620CF6BA-5876-43F4-BA56-27CE8E60B288}.Debug|Any CPU.Build.0 = Debug|Any CPU
		{620CF6BA-5876-43F4-BA56-27CE8E60B288}.Release|Any CPU.ActiveCfg = Release|Any CPU
		{620CF6BA-5876-43F4-BA56-27CE8E60B288}.Release|Any CPU.Build.0 = Release|Any CPU
		{5ED9A6BA-F5EC-4F12-8336-4D38978F593D}.Debug|Any CPU.ActiveCfg = Debug|Any CPU
		{5ED9A6BA-F5EC-4F12-8336-4D38978F593D}.Debug|Any CPU.Build.0 = Debug|Any CPU
		{5ED9A6BA-F5EC-4F12-8336-4D38978F593D}.Release|Any CPU.ActiveCfg = Release|Any CPU
		{5ED9A6BA-F5EC-4F12-8336-4D38978F593D}.Release|Any CPU.Build.0 = Release|Any CPU
		{F80AD705-FB45-40C1-A124-67C75DD6DA60}.Debug|Any CPU.ActiveCfg = Debug|Any CPU
		{F80AD705-FB45-40C1-A124-67C75DD6DA60}.Debug|Any CPU.Build.0 = Debug|Any CPU
		{F80AD705-FB45-40C1-A124-67C75DD6DA60}.Release|Any CPU.ActiveCfg = Release|Any CPU
		{F80AD705-FB45-40C1-A124-67C75DD6DA60}.Release|Any CPU.Build.0 = Release|Any CPU
		{77771283-1731-4F99-BED6-CB729E7DE565}.Debug|Any CPU.ActiveCfg = Debug|Any CPU
		{77771283-1731-4F99-BED6-CB729E7DE565}.Debug|Any CPU.Build.0 = Debug|Any CPU
		{77771283-1731-4F99-BED6-CB729E7DE565}.Release|Any CPU.ActiveCfg = Release|Any CPU
		{77771283-1731-4F99-BED6-CB729E7DE565}.Release|Any CPU.Build.0 = Release|Any CPU
		{C2794A4F-DAC8-4FF3-86AC-A50C3F484822}.Debug|Any CPU.ActiveCfg = Debug|Any CPU
		{C2794A4F-DAC8-4FF3-86AC-A50C3F484822}.Debug|Any CPU.Build.0 = Debug|Any CPU
		{C2794A4F-DAC8-4FF3-86AC-A50C3F484822}.Release|Any CPU.ActiveCfg = Release|Any CPU
		{C2794A4F-DAC8-4FF3-86AC-A50C3F484822}.Release|Any CPU.Build.0 = Release|Any CPU
		{E2E63290-2731-49A1-8E76-956FDF720073}.Debug|Any CPU.ActiveCfg = Debug|Any CPU
		{E2E63290-2731-49A1-8E76-956FDF720073}.Debug|Any CPU.Build.0 = Debug|Any CPU
		{E2E63290-2731-49A1-8E76-956FDF720073}.Release|Any CPU.ActiveCfg = Release|Any CPU
		{E2E63290-2731-49A1-8E76-956FDF720073}.Release|Any CPU.Build.0 = Release|Any CPU
		{0BDF56A1-FF14-407B-ABD4-B44717F39F98}.Debug|Any CPU.ActiveCfg = Debug|Any CPU
		{0BDF56A1-FF14-407B-ABD4-B44717F39F98}.Debug|Any CPU.Build.0 = Debug|Any CPU
		{0BDF56A1-FF14-407B-ABD4-B44717F39F98}.Release|Any CPU.ActiveCfg = Release|Any CPU
		{0BDF56A1-FF14-407B-ABD4-B44717F39F98}.Release|Any CPU.Build.0 = Release|Any CPU
		{F326F9B7-3ABC-4CBA-B2C7-EDD6702CA058}.Debug|Any CPU.ActiveCfg = Debug|Any CPU
		{F326F9B7-3ABC-4CBA-B2C7-EDD6702CA058}.Debug|Any CPU.Build.0 = Debug|Any CPU
		{F326F9B7-3ABC-4CBA-B2C7-EDD6702CA058}.Release|Any CPU.ActiveCfg = Release|Any CPU
		{F326F9B7-3ABC-4CBA-B2C7-EDD6702CA058}.Release|Any CPU.Build.0 = Release|Any CPU
	EndGlobalSection
	GlobalSection(SolutionProperties) = preSolution
		HideSolutionNode = FALSE
	EndGlobalSection
	GlobalSection(ExtensibilityGlobals) = postSolution
		SolutionGuid = {A1EC614B-FDAF-4F7B-A7E8-AAFF99EE76DE}
	EndGlobalSection
EndGlobal
